
Microsoft Visual Studio Solution File, Format Version 12.00
# Visual Studio 2012
Project("{FAE04EC0-301F-11D3-BF4B-00C04F79EFBC}") = "CoolHorse.Cms.BusinessCore", "CoolHorse.Cms.BusinessCore\CoolHorse.Cms.BusinessCore.csproj", "{1065FE9A-930F-45CA-BECB-2A9B6E2BC21B}"
EndProject
Project("{FAE04EC0-301F-11D3-BF4B-00C04F79EFBC}") = "CoolHorse.Cms.DataStorageServices", "CoolHorse.Cms.DataStorageServices\CoolHorse.Cms.DataStorageServices.csproj", "{9D9AAF4E-B6F4-4587-ACC5-AD187D2C31D2}"
EndProject
Project("{FAE04EC0-301F-11D3-BF4B-00C04F79EFBC}") = "CoolHorse.Cms.Models", "CoolHorse.Cms.Models\CoolHorse.Cms.Models.csproj", "{221DE59B-6B48-485D-8FBC-536ED47C90C6}"
EndProject
Project("{FAE04EC0-301F-11D3-BF4B-00C04F79EFBC}") = "CoolHorse.Cms.Utils", "CoolHorse.Cms.Utils\CoolHorse.Cms.Utils.csproj", "{3B90A718-390C-43DA-908D-7918D4CE8ED3}"
EndProject
Project("{FAE04EC0-301F-11D3-BF4B-00C04F79EFBC}") = "CoolHorse.Cms.Tests", "CoolHorse.Cms.Tests\CoolHorse.Cms.Tests.csproj", "{0A12D271-B445-40F6-B9BD-24A378BF261B}"
EndProject
Project("{FAE04EC0-301F-11D3-BF4B-00C04F79EFBC}") = "CoolHorse.Cms.WebClient", "CoolHorse.Cms.WebClient\CoolHorse.Cms.WebClient.csproj", "{DCDBF716-31D8-4D3E-96F0-13EA00E46CBC}"
EndProject
Project("{FAE04EC0-301F-11D3-BF4B-00C04F79EFBC}") = "CoolHorse.Cms.Api", "CoolHorse.Cms.Api\CoolHorse.Cms.Api.csproj", "{2D509546-D716-43D8-BD67-3FB9656AAE9D}"
EndProject
Global
	GlobalSection(SolutionConfigurationPlatforms) = preSolution
		Debug|Any CPU = Debug|Any CPU
		Release|Any CPU = Release|Any CPU
	EndGlobalSection
	GlobalSection(ProjectConfigurationPlatforms) = postSolution
		{1065FE9A-930F-45CA-BECB-2A9B6E2BC21B}.Debug|Any CPU.ActiveCfg = Debug|Any CPU
		{1065FE9A-930F-45CA-BECB-2A9B6E2BC21B}.Debug|Any CPU.Build.0 = Debug|Any CPU
		{1065FE9A-930F-45CA-BECB-2A9B6E2BC21B}.Release|Any CPU.ActiveCfg = Release|Any CPU
		{1065FE9A-930F-45CA-BECB-2A9B6E2BC21B}.Release|Any CPU.Build.0 = Release|Any CPU
		{9D9AAF4E-B6F4-4587-ACC5-AD187D2C31D2}.Debug|Any CPU.ActiveCfg = Debug|Any CPU
		{9D9AAF4E-B6F4-4587-ACC5-AD187D2C31D2}.Debug|Any CPU.Build.0 = Debug|Any CPU
		{9D9AAF4E-B6F4-4587-ACC5-AD187D2C31D2}.Release|Any CPU.ActiveCfg = Release|Any CPU
		{9D9AAF4E-B6F4-4587-ACC5-AD187D2C31D2}.Release|Any CPU.Build.0 = Release|Any CPU
		{221DE59B-6B48-485D-8FBC-536ED47C90C6}.Debug|Any CPU.ActiveCfg = Debug|Any CPU
		{221DE59B-6B48-485D-8FBC-536ED47C90C6}.Debug|Any CPU.Build.0 = Debug|Any CPU
		{221DE59B-6B48-485D-8FBC-536ED47C90C6}.Release|Any CPU.ActiveCfg = Release|Any CPU
		{221DE59B-6B48-485D-8FBC-536ED47C90C6}.Release|Any CPU.Build.0 = Release|Any CPU
		{3B90A718-390C-43DA-908D-7918D4CE8ED3}.Debug|Any CPU.ActiveCfg = Debug|Any CPU
		{3B90A718-390C-43DA-908D-7918D4CE8ED3}.Debug|Any CPU.Build.0 = Debug|Any CPU
		{3B90A718-390C-43DA-908D-7918D4CE8ED3}.Release|Any CPU.ActiveCfg = Release|Any CPU
		{3B90A718-390C-43DA-908D-7918D4CE8ED3}.Release|Any CPU.Build.0 = Release|Any CPU
		{0A12D271-B445-40F6-B9BD-24A378BF261B}.Debug|Any CPU.ActiveCfg = Debug|Any CPU
		{0A12D271-B445-40F6-B9BD-24A378BF261B}.Debug|Any CPU.Build.0 = Debug|Any CPU
		{0A12D271-B445-40F6-B9BD-24A378BF261B}.Release|Any CPU.ActiveCfg = Release|Any CPU
		{0A12D271-B445-40F6-B9BD-24A378BF261B}.Release|Any CPU.Build.0 = Release|Any CPU
		{DCDBF716-31D8-4D3E-96F0-13EA00E46CBC}.Debug|Any CPU.ActiveCfg = Debug|Any CPU
		{DCDBF716-31D8-4D3E-96F0-13EA00E46CBC}.Debug|Any CPU.Build.0 = Debug|Any CPU
		{DCDBF716-31D8-4D3E-96F0-13EA00E46CBC}.Release|Any CPU.ActiveCfg = Release|Any CPU
		{DCDBF716-31D8-4D3E-96F0-13EA00E46CBC}.Release|Any CPU.Build.0 = Release|Any CPU
		{2D509546-D716-43D8-BD67-3FB9656AAE9D}.Debug|Any CPU.ActiveCfg = Debug|Any CPU
		{2D509546-D716-43D8-BD67-3FB9656AAE9D}.Debug|Any CPU.Build.0 = Debug|Any CPU
		{2D509546-D716-43D8-BD67-3FB9656AAE9D}.Release|Any CPU.ActiveCfg = Release|Any CPU
		{2D509546-D716-43D8-BD67-3FB9656AAE9D}.Release|Any CPU.Build.0 = Release|Any CPU
	EndGlobalSection
	GlobalSection(SolutionProperties) = preSolution
		HideSolutionNode = FALSE
	EndGlobalSection
EndGlobal
